// !$*UTF8*$!
{
	archiveVersion = 1;
	classes = {
	};
	objectVersion = 52;
	objects = {

/* Begin PBXBuildFile section */
		B72FF43E26EB511C00BC6EE1 /* MyJSON2.json in Resources */ = {isa = PBXBuildFile; fileRef = B72FF43D26EB511C00BC6EE1 /* MyJSON2.json */; };
		B72FF44026EB585A00BC6EE1 /* MyJSON3.json in Resources */ = {isa = PBXBuildFile; fileRef = B72FF43F26EB585A00BC6EE1 /* MyJSON3.json */; };
		B72FF44226EB587300BC6EE1 /* MyJSON4.json in Resources */ = {isa = PBXBuildFile; fileRef = B72FF44126EB587300BC6EE1 /* MyJSON4.json */; };
		B72FF44426EB588700BC6EE1 /* MyJSON5.json in Resources */ = {isa = PBXBuildFile; fileRef = B72FF44326EB588700BC6EE1 /* MyJSON5.json */; };
		B72FF44626EB58CD00BC6EE1 /* MyJSON6.json in Resources */ = {isa = PBXBuildFile; fileRef = B72FF44526EB58CD00BC6EE1 /* MyJSON6.json */; };
		B72FF44826EB58DA00BC6EE1 /* MyJSON7.json in Resources */ = {isa = PBXBuildFile; fileRef = B72FF44726EB58DA00BC6EE1 /* MyJSON7.json */; };
		B72FF44A26EB6E9900BC6EE1 /* MyJSON8.json in Resources */ = {isa = PBXBuildFile; fileRef = B72FF44926EB6E9900BC6EE1 /* MyJSON8.json */; };
		B72FF44C26EB6EA800BC6EE1 /* MyJSON9.json in Resources */ = {isa = PBXBuildFile; fileRef = B72FF44B26EB6EA800BC6EE1 /* MyJSON9.json */; };
		B72FF44E26EB6EFE00BC6EE1 /* MyJSON10.json in Resources */ = {isa = PBXBuildFile; fileRef = B72FF44D26EB6EFE00BC6EE1 /* MyJSON10.json */; };
		B72FF45026EB6F0D00BC6EE1 /* MyJSON11.json in Resources */ = {isa = PBXBuildFile; fileRef = B72FF44F26EB6F0D00BC6EE1 /* MyJSON11.json */; };
		B72FF45226EB6F2100BC6EE1 /* MyJSON12.json in Resources */ = {isa = PBXBuildFile; fileRef = B72FF45126EB6F2100BC6EE1 /* MyJSON12.json */; };
		B72FF45426EB6F2E00BC6EE1 /* MyJSON13.json in Resources */ = {isa = PBXBuildFile; fileRef = B72FF45326EB6F2E00BC6EE1 /* MyJSON13.json */; };
		B72FF45626EB6F3900BC6EE1 /* MyJSON14.json in Resources */ = {isa = PBXBuildFile; fileRef = B72FF45526EB6F3900BC6EE1 /* MyJSON14.json */; };
		B75D0EB926C2B2A60075E4CA /* AuthenticationViewController.swift in Sources */ = {isa = PBXBuildFile; fileRef = B75D0EB726C2B2A60075E4CA /* AuthenticationViewController.swift */; };
		B75D0EBA26C2B2A60075E4CA /* AuthenticationViewController.xib in Resources */ = {isa = PBXBuildFile; fileRef = B75D0EB826C2B2A60075E4CA /* AuthenticationViewController.xib */; };
		B766E34C26D62F5900798B6C /* StringExtensions.swift in Sources */ = {isa = PBXBuildFile; fileRef = B766E34B26D62F5900798B6C /* StringExtensions.swift */; };
		B766E34F26D62FE500798B6C /* ReactiveExtensions.swift in Sources */ = {isa = PBXBuildFile; fileRef = B766E34E26D62FE500798B6C /* ReactiveExtensions.swift */; };
		B76A198126E7589F00B75EDE /* RadarDashboardCoordinator.swift in Sources */ = {isa = PBXBuildFile; fileRef = B76A198026E7589F00B75EDE /* RadarDashboardCoordinator.swift */; };
		B76A198326E758B800B75EDE /* RadarDashboardViewModel.swift in Sources */ = {isa = PBXBuildFile; fileRef = B76A198226E758B800B75EDE /* RadarDashboardViewModel.swift */; };
		B76A198526E75DB000B75EDE /* CoordinatorExtensions.swift in Sources */ = {isa = PBXBuildFile; fileRef = B76A198426E75DB000B75EDE /* CoordinatorExtensions.swift */; };
		B76A198726E78FA500B75EDE /* CoordinateRectangle.swift in Sources */ = {isa = PBXBuildFile; fileRef = B76A198626E78FA500B75EDE /* CoordinateRectangle.swift */; };
		B77827F326DF9BEA0058ADD5 /* ObservableTypeExtensions.swift in Sources */ = {isa = PBXBuildFile; fileRef = B77827F226DF9BEA0058ADD5 /* ObservableTypeExtensions.swift */; };
		B77827F626DFA84F0058ADD5 /* ForgotPasswordViewController.swift in Sources */ = {isa = PBXBuildFile; fileRef = B77827F426DFA84F0058ADD5 /* ForgotPasswordViewController.swift */; };
		B77827F726DFA84F0058ADD5 /* ForgotPasswordViewController.xib in Resources */ = {isa = PBXBuildFile; fileRef = B77827F526DFA84F0058ADD5 /* ForgotPasswordViewController.xib */; };
		B77827F926DFA8780058ADD5 /* ForgotPasswordViewModel.swift in Sources */ = {isa = PBXBuildFile; fileRef = B77827F826DFA8780058ADD5 /* ForgotPasswordViewModel.swift */; };
		B77827FB26DFA88D0058ADD5 /* ForgotPasswordCoordinator.swift in Sources */ = {isa = PBXBuildFile; fileRef = B77827FA26DFA88D0058ADD5 /* ForgotPasswordCoordinator.swift */; };
		B77D40FD26E6595700BA945E /* RadarDashboardViewController.swift in Sources */ = {isa = PBXBuildFile; fileRef = B77D40FB26E6595700BA945E /* RadarDashboardViewController.swift */; };
		B77D40FE26E6595700BA945E /* RadarDashboardViewController.xib in Resources */ = {isa = PBXBuildFile; fileRef = B77D40FC26E6595700BA945E /* RadarDashboardViewController.xib */; };
		B784067926C3CCCE00F5AF03 /* AppCoordinator.swift in Sources */ = {isa = PBXBuildFile; fileRef = B784067826C3CCCE00F5AF03 /* AppCoordinator.swift */; };
		B784067E26C3E27300F5AF03 /* AuthenticationCoordinator.swift in Sources */ = {isa = PBXBuildFile; fileRef = B784067D26C3E27300F5AF03 /* AuthenticationCoordinator.swift */; };
		B784068226C40FCE00F5AF03 /* AuthenticationViewModel.swift in Sources */ = {isa = PBXBuildFile; fileRef = B784068126C40FCE00F5AF03 /* AuthenticationViewModel.swift */; };
		B784068726C41BB400F5AF03 /* FirebaseAnalytics in Frameworks */ = {isa = PBXBuildFile; productRef = B784068626C41BB400F5AF03 /* FirebaseAnalytics */; };
		B79039E826E8C1BD000908AD /* RxMapViewDelegateProxy.swift in Sources */ = {isa = PBXBuildFile; fileRef = B79039E726E8C1BD000908AD /* RxMapViewDelegateProxy.swift */; };
		B79039EA26E8C27F000908AD /* MKMapView+Rx.swift in Sources */ = {isa = PBXBuildFile; fileRef = B79039E926E8C27F000908AD /* MKMapView+Rx.swift */; };
		B79039EC26E8ED6C000908AD /* FlightInfo.swift in Sources */ = {isa = PBXBuildFile; fileRef = B79039EB26E8ED6C000908AD /* FlightInfo.swift */; };
		B79DE46326E0C62E0019F860 /* SignUpViewController.swift in Sources */ = {isa = PBXBuildFile; fileRef = B79DE46126E0C62E0019F860 /* SignUpViewController.swift */; };
		B79DE46426E0C62E0019F860 /* SignUpViewController.xib in Resources */ = {isa = PBXBuildFile; fileRef = B79DE46226E0C62E0019F860 /* SignUpViewController.xib */; };
		B79DE46626E0C6450019F860 /* SignUpViewModel.swift in Sources */ = {isa = PBXBuildFile; fileRef = B79DE46526E0C6450019F860 /* SignUpViewModel.swift */; };
		B79DE46826E0C6590019F860 /* SignUpCoordinator.swift in Sources */ = {isa = PBXBuildFile; fileRef = B79DE46726E0C6590019F860 /* SignUpCoordinator.swift */; };
		B7A4AF3F26C54619004B98FC /* GoogleSignIn in Frameworks */ = {isa = PBXBuildFile; productRef = B7A4AF3E26C54619004B98FC /* GoogleSignIn */; };
		B7A95B4C26C140B7009B1BA8 /* AppDelegate.swift in Sources */ = {isa = PBXBuildFile; fileRef = B7A95B4B26C140B7009B1BA8 /* AppDelegate.swift */; };
		B7A95B4E26C140B7009B1BA8 /* SceneDelegate.swift in Sources */ = {isa = PBXBuildFile; fileRef = B7A95B4D26C140B7009B1BA8 /* SceneDelegate.swift */; };
		B7A95B5526C140B8009B1BA8 /* Assets.xcassets in Resources */ = {isa = PBXBuildFile; fileRef = B7A95B5426C140B8009B1BA8 /* Assets.xcassets */; };
		B7A95B5826C140B8009B1BA8 /* LaunchScreen.storyboard in Resources */ = {isa = PBXBuildFile; fileRef = B7A95B5626C140B8009B1BA8 /* LaunchScreen.storyboard */; };
		B7A95B6626C14756009B1BA8 /* GoogleService-Info.plist in Resources */ = {isa = PBXBuildFile; fileRef = B7A95B6526C14756009B1BA8 /* GoogleService-Info.plist */; };
		B7A95B6926C147E2009B1BA8 /* FirebaseAuth in Frameworks */ = {isa = PBXBuildFile; productRef = B7A95B6826C147E2009B1BA8 /* FirebaseAuth */; };
		B7A95C0226EBA4EB00687210 /* SettingsViewController.swift in Sources */ = {isa = PBXBuildFile; fileRef = B7A95C0026EBA4EB00687210 /* SettingsViewController.swift */; };
		B7A95C0326EBA4EB00687210 /* SettingsViewController.xib in Resources */ = {isa = PBXBuildFile; fileRef = B7A95C0126EBA4EB00687210 /* SettingsViewController.xib */; };
		B7A95C0526EBA4FC00687210 /* SettingsViewModel.swift in Sources */ = {isa = PBXBuildFile; fileRef = B7A95C0426EBA4FC00687210 /* SettingsViewModel.swift */; };
		B7A95C0726EBA54500687210 /* SettingsCoordinator.swift in Sources */ = {isa = PBXBuildFile; fileRef = B7A95C0626EBA54500687210 /* SettingsCoordinator.swift */; };
		B7A9A6E926D91295005F559A /* authenticationScreenBackgroundAircraft.json in Resources */ = {isa = PBXBuildFile; fileRef = B7A9A6E826D91295005F559A /* authenticationScreenBackgroundAircraft.json */; };
		B7A9A6EB26D9137A005F559A /* spinner.json in Resources */ = {isa = PBXBuildFile; fileRef = B7A9A6EA26D9137A005F559A /* spinner.json */; };
		B7AFC5BF26CA5781004EE523 /* Toast in Frameworks */ = {isa = PBXBuildFile; productRef = B7AFC5BE26CA5781004EE523 /* Toast */; };
		B7C0855F26EA01A80001C807 /* Alamofire in Frameworks */ = {isa = PBXBuildFile; productRef = B7C0855E26EA01A80001C807 /* Alamofire */; };
		B7C0856226EA02750001C807 /* NetworkManager.swift in Sources */ = {isa = PBXBuildFile; fileRef = B7C0856126EA02750001C807 /* NetworkManager.swift */; };
		B7C0856426EA05D40001C807 /* Service.swift in Sources */ = {isa = PBXBuildFile; fileRef = B7C0856326EA05D40001C807 /* Service.swift */; };
		B7C0856C26EA5A2C0001C807 /* MyJSON.json in Resources */ = {isa = PBXBuildFile; fileRef = B7C0856B26EA5A2C0001C807 /* MyJSON.json */; };
		B7D753FB26C15ABC0048F67E /* Lottie in Frameworks */ = {isa = PBXBuildFile; productRef = B7D753FA26C15ABC0048F67E /* Lottie */; };
		B7E5F2B626DCB732004010BF /* State.swift in Sources */ = {isa = PBXBuildFile; fileRef = B7E5F2B526DCB732004010BF /* State.swift */; };
		B7E5F2C426DD042C004010BF /* ProcessingView.swift in Sources */ = {isa = PBXBuildFile; fileRef = B7E5F2C326DD042C004010BF /* ProcessingView.swift */; };
		B7E5F2C626DD044B004010BF /* ProcessingStateView.xib in Resources */ = {isa = PBXBuildFile; fileRef = B7E5F2C526DD044B004010BF /* ProcessingStateView.xib */; };
		B7EB6F4C26CBD45000104EDF /* RxRelay in Frameworks */ = {isa = PBXBuildFile; productRef = B7EB6F4B26CBD45000104EDF /* RxRelay */; };
		B7EB6F4E26CBD45000104EDF /* RxSwift in Frameworks */ = {isa = PBXBuildFile; productRef = B7EB6F4D26CBD45000104EDF /* RxSwift */; };
		B7EB6F5026CBD45000104EDF /* RxCocoa in Frameworks */ = {isa = PBXBuildFile; productRef = B7EB6F4F26CBD45000104EDF /* RxCocoa */; };
/* End PBXBuildFile section */

/* Begin PBXFileReference section */
		B7239A8B26C42FA40042C017 /* Info.plist */ = {isa = PBXFileReference; fileEncoding = 4; lastKnownFileType = text.plist.xml; path = Info.plist; sourceTree = "<group>"; };
		B72FF43D26EB511C00BC6EE1 /* MyJSON2.json */ = {isa = PBXFileReference; lastKnownFileType = text.json; path = MyJSON2.json; sourceTree = "<group>"; };
		B72FF43F26EB585A00BC6EE1 /* MyJSON3.json */ = {isa = PBXFileReference; lastKnownFileType = text.json; path = MyJSON3.json; sourceTree = "<group>"; };
		B72FF44126EB587300BC6EE1 /* MyJSON4.json */ = {isa = PBXFileReference; lastKnownFileType = text.json; path = MyJSON4.json; sourceTree = "<group>"; };
		B72FF44326EB588700BC6EE1 /* MyJSON5.json */ = {isa = PBXFileReference; lastKnownFileType = text.json; path = MyJSON5.json; sourceTree = "<group>"; };
		B72FF44526EB58CD00BC6EE1 /* MyJSON6.json */ = {isa = PBXFileReference; lastKnownFileType = text.json; path = MyJSON6.json; sourceTree = "<group>"; };
		B72FF44726EB58DA00BC6EE1 /* MyJSON7.json */ = {isa = PBXFileReference; lastKnownFileType = text.json; path = MyJSON7.json; sourceTree = "<group>"; };
		B72FF44926EB6E9900BC6EE1 /* MyJSON8.json */ = {isa = PBXFileReference; lastKnownFileType = text.json; path = MyJSON8.json; sourceTree = "<group>"; };
		B72FF44B26EB6EA800BC6EE1 /* MyJSON9.json */ = {isa = PBXFileReference; lastKnownFileType = text.json; path = MyJSON9.json; sourceTree = "<group>"; };
		B72FF44D26EB6EFE00BC6EE1 /* MyJSON10.json */ = {isa = PBXFileReference; lastKnownFileType = text.json; path = MyJSON10.json; sourceTree = "<group>"; };
		B72FF44F26EB6F0D00BC6EE1 /* MyJSON11.json */ = {isa = PBXFileReference; lastKnownFileType = text.json; path = MyJSON11.json; sourceTree = "<group>"; };
		B72FF45126EB6F2100BC6EE1 /* MyJSON12.json */ = {isa = PBXFileReference; lastKnownFileType = text.json; path = MyJSON12.json; sourceTree = "<group>"; };
		B72FF45326EB6F2E00BC6EE1 /* MyJSON13.json */ = {isa = PBXFileReference; lastKnownFileType = text.json; path = MyJSON13.json; sourceTree = "<group>"; };
		B72FF45526EB6F3900BC6EE1 /* MyJSON14.json */ = {isa = PBXFileReference; lastKnownFileType = text.json; path = MyJSON14.json; sourceTree = "<group>"; };
		B75D0EB726C2B2A60075E4CA /* AuthenticationViewController.swift */ = {isa = PBXFileReference; lastKnownFileType = sourcecode.swift; path = AuthenticationViewController.swift; sourceTree = "<group>"; };
		B75D0EB826C2B2A60075E4CA /* AuthenticationViewController.xib */ = {isa = PBXFileReference; lastKnownFileType = file.xib; path = AuthenticationViewController.xib; sourceTree = "<group>"; };
		B766E34B26D62F5900798B6C /* StringExtensions.swift */ = {isa = PBXFileReference; lastKnownFileType = sourcecode.swift; path = StringExtensions.swift; sourceTree = "<group>"; };
		B766E34E26D62FE500798B6C /* ReactiveExtensions.swift */ = {isa = PBXFileReference; lastKnownFileType = sourcecode.swift; path = ReactiveExtensions.swift; sourceTree = "<group>"; };
		B76A198026E7589F00B75EDE /* RadarDashboardCoordinator.swift */ = {isa = PBXFileReference; lastKnownFileType = sourcecode.swift; path = RadarDashboardCoordinator.swift; sourceTree = "<group>"; };
		B76A198226E758B800B75EDE /* RadarDashboardViewModel.swift */ = {isa = PBXFileReference; lastKnownFileType = sourcecode.swift; path = RadarDashboardViewModel.swift; sourceTree = "<group>"; };
		B76A198426E75DB000B75EDE /* CoordinatorExtensions.swift */ = {isa = PBXFileReference; lastKnownFileType = sourcecode.swift; path = CoordinatorExtensions.swift; sourceTree = "<group>"; };
		B76A198626E78FA500B75EDE /* CoordinateRectangle.swift */ = {isa = PBXFileReference; lastKnownFileType = sourcecode.swift; path = CoordinateRectangle.swift; sourceTree = "<group>"; };
		B77827F226DF9BEA0058ADD5 /* ObservableTypeExtensions.swift */ = {isa = PBXFileReference; lastKnownFileType = sourcecode.swift; path = ObservableTypeExtensions.swift; sourceTree = "<group>"; };
		B77827F426DFA84F0058ADD5 /* ForgotPasswordViewController.swift */ = {isa = PBXFileReference; lastKnownFileType = sourcecode.swift; path = ForgotPasswordViewController.swift; sourceTree = "<group>"; };
		B77827F526DFA84F0058ADD5 /* ForgotPasswordViewController.xib */ = {isa = PBXFileReference; lastKnownFileType = file.xib; path = ForgotPasswordViewController.xib; sourceTree = "<group>"; };
		B77827F826DFA8780058ADD5 /* ForgotPasswordViewModel.swift */ = {isa = PBXFileReference; lastKnownFileType = sourcecode.swift; path = ForgotPasswordViewModel.swift; sourceTree = "<group>"; };
		B77827FA26DFA88D0058ADD5 /* ForgotPasswordCoordinator.swift */ = {isa = PBXFileReference; lastKnownFileType = sourcecode.swift; path = ForgotPasswordCoordinator.swift; sourceTree = "<group>"; };
		B77D40FB26E6595700BA945E /* RadarDashboardViewController.swift */ = {isa = PBXFileReference; lastKnownFileType = sourcecode.swift; path = RadarDashboardViewController.swift; sourceTree = "<group>"; };
		B77D40FC26E6595700BA945E /* RadarDashboardViewController.xib */ = {isa = PBXFileReference; lastKnownFileType = file.xib; path = RadarDashboardViewController.xib; sourceTree = "<group>"; };
		B784067826C3CCCE00F5AF03 /* AppCoordinator.swift */ = {isa = PBXFileReference; lastKnownFileType = sourcecode.swift; path = AppCoordinator.swift; sourceTree = "<group>"; };
		B784067D26C3E27300F5AF03 /* AuthenticationCoordinator.swift */ = {isa = PBXFileReference; lastKnownFileType = sourcecode.swift; path = AuthenticationCoordinator.swift; sourceTree = "<group>"; };
		B784068126C40FCE00F5AF03 /* AuthenticationViewModel.swift */ = {isa = PBXFileReference; lastKnownFileType = sourcecode.swift; path = AuthenticationViewModel.swift; sourceTree = "<group>"; };
		B79039E726E8C1BD000908AD /* RxMapViewDelegateProxy.swift */ = {isa = PBXFileReference; lastKnownFileType = sourcecode.swift; path = RxMapViewDelegateProxy.swift; sourceTree = "<group>"; };
		B79039E926E8C27F000908AD /* MKMapView+Rx.swift */ = {isa = PBXFileReference; lastKnownFileType = sourcecode.swift; path = "MKMapView+Rx.swift"; sourceTree = "<group>"; };
		B79039EB26E8ED6C000908AD /* FlightInfo.swift */ = {isa = PBXFileReference; lastKnownFileType = sourcecode.swift; path = FlightInfo.swift; sourceTree = "<group>"; };
		B79DE46126E0C62E0019F860 /* SignUpViewController.swift */ = {isa = PBXFileReference; lastKnownFileType = sourcecode.swift; path = SignUpViewController.swift; sourceTree = "<group>"; };
		B79DE46226E0C62E0019F860 /* SignUpViewController.xib */ = {isa = PBXFileReference; lastKnownFileType = file.xib; path = SignUpViewController.xib; sourceTree = "<group>"; };
		B79DE46526E0C6450019F860 /* SignUpViewModel.swift */ = {isa = PBXFileReference; lastKnownFileType = sourcecode.swift; path = SignUpViewModel.swift; sourceTree = "<group>"; };
		B79DE46726E0C6590019F860 /* SignUpCoordinator.swift */ = {isa = PBXFileReference; lastKnownFileType = sourcecode.swift; path = SignUpCoordinator.swift; sourceTree = "<group>"; };
		B7A95B4826C140B7009B1BA8 /* ITechArtPracticeFlightRadar.app */ = {isa = PBXFileReference; explicitFileType = wrapper.application; includeInIndex = 0; path = ITechArtPracticeFlightRadar.app; sourceTree = BUILT_PRODUCTS_DIR; };
		B7A95B4B26C140B7009B1BA8 /* AppDelegate.swift */ = {isa = PBXFileReference; lastKnownFileType = sourcecode.swift; path = AppDelegate.swift; sourceTree = "<group>"; };
		B7A95B4D26C140B7009B1BA8 /* SceneDelegate.swift */ = {isa = PBXFileReference; lastKnownFileType = sourcecode.swift; path = SceneDelegate.swift; sourceTree = "<group>"; };
		B7A95B5426C140B8009B1BA8 /* Assets.xcassets */ = {isa = PBXFileReference; lastKnownFileType = folder.assetcatalog; path = Assets.xcassets; sourceTree = "<group>"; };
		B7A95B5726C140B8009B1BA8 /* Base */ = {isa = PBXFileReference; lastKnownFileType = file.storyboard; name = Base; path = Base.lproj/LaunchScreen.storyboard; sourceTree = "<group>"; };
		B7A95B6526C14756009B1BA8 /* GoogleService-Info.plist */ = {isa = PBXFileReference; fileEncoding = 4; lastKnownFileType = text.plist.xml; path = "GoogleService-Info.plist"; sourceTree = "<group>"; };
		B7A95C0026EBA4EB00687210 /* SettingsViewController.swift */ = {isa = PBXFileReference; lastKnownFileType = sourcecode.swift; path = SettingsViewController.swift; sourceTree = "<group>"; };
		B7A95C0126EBA4EB00687210 /* SettingsViewController.xib */ = {isa = PBXFileReference; lastKnownFileType = file.xib; path = SettingsViewController.xib; sourceTree = "<group>"; };
		B7A95C0426EBA4FC00687210 /* SettingsViewModel.swift */ = {isa = PBXFileReference; lastKnownFileType = sourcecode.swift; path = SettingsViewModel.swift; sourceTree = "<group>"; };
		B7A95C0626EBA54500687210 /* SettingsCoordinator.swift */ = {isa = PBXFileReference; lastKnownFileType = sourcecode.swift; path = SettingsCoordinator.swift; sourceTree = "<group>"; };
		B7A9A6E826D91295005F559A /* authenticationScreenBackgroundAircraft.json */ = {isa = PBXFileReference; fileEncoding = 4; lastKnownFileType = text.json; path = authenticationScreenBackgroundAircraft.json; sourceTree = "<group>"; };
		B7A9A6EA26D9137A005F559A /* spinner.json */ = {isa = PBXFileReference; fileEncoding = 4; lastKnownFileType = text.json; path = spinner.json; sourceTree = "<group>"; };
		B7C0856126EA02750001C807 /* NetworkManager.swift */ = {isa = PBXFileReference; lastKnownFileType = sourcecode.swift; path = NetworkManager.swift; sourceTree = "<group>"; };
		B7C0856326EA05D40001C807 /* Service.swift */ = {isa = PBXFileReference; lastKnownFileType = sourcecode.swift; path = Service.swift; sourceTree = "<group>"; };
		B7C0856B26EA5A2C0001C807 /* MyJSON.json */ = {isa = PBXFileReference; lastKnownFileType = text.json; path = MyJSON.json; sourceTree = "<group>"; };
		B7E5F2B526DCB732004010BF /* State.swift */ = {isa = PBXFileReference; lastKnownFileType = sourcecode.swift; path = State.swift; sourceTree = "<group>"; };
		B7E5F2C326DD042C004010BF /* ProcessingView.swift */ = {isa = PBXFileReference; lastKnownFileType = sourcecode.swift; path = ProcessingView.swift; sourceTree = "<group>"; };
		B7E5F2C526DD044B004010BF /* ProcessingStateView.xib */ = {isa = PBXFileReference; lastKnownFileType = file.xib; path = ProcessingStateView.xib; sourceTree = "<group>"; };
/* End PBXFileReference section */

/* Begin PBXFrameworksBuildPhase section */
		B7A95B4526C140B7009B1BA8 /* Frameworks */ = {
			isa = PBXFrameworksBuildPhase;
			buildActionMask = 2147483647;
			files = (
				B7C0855F26EA01A80001C807 /* Alamofire in Frameworks */,
				B7EB6F4C26CBD45000104EDF /* RxRelay in Frameworks */,
				B7A95B6926C147E2009B1BA8 /* FirebaseAuth in Frameworks */,
				B7A4AF3F26C54619004B98FC /* GoogleSignIn in Frameworks */,
				B7D753FB26C15ABC0048F67E /* Lottie in Frameworks */,
				B7AFC5BF26CA5781004EE523 /* Toast in Frameworks */,
				B784068726C41BB400F5AF03 /* FirebaseAnalytics in Frameworks */,
				B7EB6F5026CBD45000104EDF /* RxCocoa in Frameworks */,
				B7EB6F4E26CBD45000104EDF /* RxSwift in Frameworks */,
			);
			runOnlyForDeploymentPostprocessing = 0;
		};
/* End PBXFrameworksBuildPhase section */

/* Begin PBXGroup section */
		B766E34D26D62F5D00798B6C /* Extensions */ = {
			isa = PBXGroup;
			children = (
				B766E34B26D62F5900798B6C /* StringExtensions.swift */,
				B766E34E26D62FE500798B6C /* ReactiveExtensions.swift */,
				B77827F226DF9BEA0058ADD5 /* ObservableTypeExtensions.swift */,
				B76A198426E75DB000B75EDE /* CoordinatorExtensions.swift */,
				B79039E726E8C1BD000908AD /* RxMapViewDelegateProxy.swift */,
				B79039E926E8C27F000908AD /* MKMapView+Rx.swift */,
			);
			path = Extensions;
			sourceTree = "<group>";
		};
		B784067C26C3E12F00F5AF03 /* Coordinators */ = {
			isa = PBXGroup;
			children = (
				B784067826C3CCCE00F5AF03 /* AppCoordinator.swift */,
				B784067D26C3E27300F5AF03 /* AuthenticationCoordinator.swift */,
				B77827FA26DFA88D0058ADD5 /* ForgotPasswordCoordinator.swift */,
				B79DE46726E0C6590019F860 /* SignUpCoordinator.swift */,
				B76A198026E7589F00B75EDE /* RadarDashboardCoordinator.swift */,
				B7A95C0626EBA54500687210 /* SettingsCoordinator.swift */,
			);
			path = Coordinators;
			sourceTree = "<group>";
		};
		B784068526C41BB400F5AF03 /* Frameworks */ = {
			isa = PBXGroup;
			children = (
			);
			name = Frameworks;
			sourceTree = "<group>";
		};
		B7A95B3F26C140B7009B1BA8 = {
			isa = PBXGroup;
			children = (
				B7A95BFF26EBA42E00687210 /* PlugJSON */,
				B7A95B4A26C140B7009B1BA8 /* ITechArtPracticeFlightRadar */,
				B7A95B4926C140B7009B1BA8 /* Products */,
				B784068526C41BB400F5AF03 /* Frameworks */,
			);
			sourceTree = "<group>";
		};
		B7A95B4926C140B7009B1BA8 /* Products */ = {
			isa = PBXGroup;
			children = (
				B7A95B4826C140B7009B1BA8 /* ITechArtPracticeFlightRadar.app */,
			);
			name = Products;
			sourceTree = "<group>";
		};
		B7A95B4A26C140B7009B1BA8 /* ITechArtPracticeFlightRadar */ = {
			isa = PBXGroup;
			children = (
				B7A95B6026C14107009B1BA8 /* Model */,
				B7A95B6126C14112009B1BA8 /* View */,
				B7A95B6226C14119009B1BA8 /* ViewModel */,
				B784067C26C3E12F00F5AF03 /* Coordinators */,
				B7C0856026EA02410001C807 /* Services */,
				B766E34D26D62F5D00798B6C /* Extensions */,
				B7D753FE26C161660048F67E /* Animations */,
				B7A95B5F26C140DC009B1BA8 /* SupportingFiles */,
				B7A95B6526C14756009B1BA8 /* GoogleService-Info.plist */,
			);
			path = ITechArtPracticeFlightRadar;
			sourceTree = "<group>";
		};
		B7A95B5F26C140DC009B1BA8 /* SupportingFiles */ = {
			isa = PBXGroup;
			children = (
				B7239A8B26C42FA40042C017 /* Info.plist */,
				B7A95B4B26C140B7009B1BA8 /* AppDelegate.swift */,
				B7A95B4D26C140B7009B1BA8 /* SceneDelegate.swift */,
				B7A95B5426C140B8009B1BA8 /* Assets.xcassets */,
				B7A95B5626C140B8009B1BA8 /* LaunchScreen.storyboard */,
			);
			path = SupportingFiles;
			sourceTree = "<group>";
		};
		B7A95B6026C14107009B1BA8 /* Model */ = {
			isa = PBXGroup;
			children = (
				B7E5F2B526DCB732004010BF /* State.swift */,
				B76A198626E78FA500B75EDE /* CoordinateRectangle.swift */,
				B79039EB26E8ED6C000908AD /* FlightInfo.swift */,
			);
			path = Model;
			sourceTree = "<group>";
		};
		B7A95B6126C14112009B1BA8 /* View */ = {
			isa = PBXGroup;
			children = (
				B75D0EB726C2B2A60075E4CA /* AuthenticationViewController.swift */,
				B75D0EB826C2B2A60075E4CA /* AuthenticationViewController.xib */,
				B7E5F2C326DD042C004010BF /* ProcessingView.swift */,
				B7E5F2C526DD044B004010BF /* ProcessingStateView.xib */,
				B77827F426DFA84F0058ADD5 /* ForgotPasswordViewController.swift */,
				B77827F526DFA84F0058ADD5 /* ForgotPasswordViewController.xib */,
				B79DE46126E0C62E0019F860 /* SignUpViewController.swift */,
				B79DE46226E0C62E0019F860 /* SignUpViewController.xib */,
				B77D40FB26E6595700BA945E /* RadarDashboardViewController.swift */,
				B77D40FC26E6595700BA945E /* RadarDashboardViewController.xib */,
				B7A95C0026EBA4EB00687210 /* SettingsViewController.swift */,
				B7A95C0126EBA4EB00687210 /* SettingsViewController.xib */,
			);
			path = View;
			sourceTree = "<group>";
		};
		B7A95B6226C14119009B1BA8 /* ViewModel */ = {
			isa = PBXGroup;
			children = (
				B784068126C40FCE00F5AF03 /* AuthenticationViewModel.swift */,
				B77827F826DFA8780058ADD5 /* ForgotPasswordViewModel.swift */,
				B79DE46526E0C6450019F860 /* SignUpViewModel.swift */,
				B76A198226E758B800B75EDE /* RadarDashboardViewModel.swift */,
				B7A95C0426EBA4FC00687210 /* SettingsViewModel.swift */,
			);
			path = ViewModel;
			sourceTree = "<group>";
		};
		B7A95BFF26EBA42E00687210 /* PlugJSON */ = {
			isa = PBXGroup;
			children = (
				B72FF45526EB6F3900BC6EE1 /* MyJSON14.json */,
				B72FF45326EB6F2E00BC6EE1 /* MyJSON13.json */,
				B72FF45126EB6F2100BC6EE1 /* MyJSON12.json */,
				B72FF44F26EB6F0D00BC6EE1 /* MyJSON11.json */,
				B72FF44D26EB6EFE00BC6EE1 /* MyJSON10.json */,
				B72FF44B26EB6EA800BC6EE1 /* MyJSON9.json */,
				B72FF44926EB6E9900BC6EE1 /* MyJSON8.json */,
				B72FF44726EB58DA00BC6EE1 /* MyJSON7.json */,
				B72FF44526EB58CD00BC6EE1 /* MyJSON6.json */,
				B72FF44326EB588700BC6EE1 /* MyJSON5.json */,
				B72FF44126EB587300BC6EE1 /* MyJSON4.json */,
				B72FF43F26EB585A00BC6EE1 /* MyJSON3.json */,
				B72FF43D26EB511C00BC6EE1 /* MyJSON2.json */,
				B7C0856B26EA5A2C0001C807 /* MyJSON.json */,
			);
			name = PlugJSON;
			sourceTree = "<group>";
		};
		B7C0856026EA02410001C807 /* Services */ = {
			isa = PBXGroup;
			children = (
				B7C0856126EA02750001C807 /* NetworkManager.swift */,
				B7C0856326EA05D40001C807 /* Service.swift */,
			);
			path = Services;
			sourceTree = "<group>";
		};
		B7D753FE26C161660048F67E /* Animations */ = {
			isa = PBXGroup;
			children = (
				B7A9A6E826D91295005F559A /* authenticationScreenBackgroundAircraft.json */,
				B7A9A6EA26D9137A005F559A /* spinner.json */,
			);
			path = Animations;
			sourceTree = "<group>";
		};
/* End PBXGroup section */

/* Begin PBXNativeTarget section */
		B7A95B4726C140B7009B1BA8 /* ITechArtPracticeFlightRadar */ = {
			isa = PBXNativeTarget;
			buildConfigurationList = B7A95B5C26C140B8009B1BA8 /* Build configuration list for PBXNativeTarget "ITechArtPracticeFlightRadar" */;
			buildPhases = (
				B7A95B4426C140B7009B1BA8 /* Sources */,
				B7A95B4526C140B7009B1BA8 /* Frameworks */,
				B7A95B4626C140B7009B1BA8 /* Resources */,
			);
			buildRules = (
			);
			dependencies = (
			);
			name = ITechArtPracticeFlightRadar;
			packageProductDependencies = (
				B7A95B6826C147E2009B1BA8 /* FirebaseAuth */,
				B7D753FA26C15ABC0048F67E /* Lottie */,
				B784068626C41BB400F5AF03 /* FirebaseAnalytics */,
				B7A4AF3E26C54619004B98FC /* GoogleSignIn */,
				B7AFC5BE26CA5781004EE523 /* Toast */,
				B7EB6F4B26CBD45000104EDF /* RxRelay */,
				B7EB6F4D26CBD45000104EDF /* RxSwift */,
				B7EB6F4F26CBD45000104EDF /* RxCocoa */,
				B7C0855E26EA01A80001C807 /* Alamofire */,
			);
			productName = ITechArtPracticeFlightRadar;
			productReference = B7A95B4826C140B7009B1BA8 /* ITechArtPracticeFlightRadar.app */;
			productType = "com.apple.product-type.application";
		};
/* End PBXNativeTarget section */

/* Begin PBXProject section */
		B7A95B4026C140B7009B1BA8 /* Project object */ = {
			isa = PBXProject;
			attributes = {
				LastSwiftUpdateCheck = 1250;
				LastUpgradeCheck = 1250;
				TargetAttributes = {
					B7A95B4726C140B7009B1BA8 = {
						CreatedOnToolsVersion = 12.5.1;
					};
				};
			};
			buildConfigurationList = B7A95B4326C140B7009B1BA8 /* Build configuration list for PBXProject "ITechArtPracticeFlightRadar" */;
			compatibilityVersion = "Xcode 9.3";
			developmentRegion = en;
			hasScannedForEncodings = 0;
			knownRegions = (
				en,
				Base,
			);
			mainGroup = B7A95B3F26C140B7009B1BA8;
			packageReferences = (
				B7A95B6726C147E2009B1BA8 /* XCRemoteSwiftPackageReference "firebase-ios-sdk" */,
				B7D753F926C15ABC0048F67E /* XCRemoteSwiftPackageReference "lottie-ios" */,
				B7A4AF3D26C54619004B98FC /* XCRemoteSwiftPackageReference "GoogleSignIn-iOS" */,
				B7AFC5BD26CA5781004EE523 /* XCRemoteSwiftPackageReference "Toast-Swift" */,
				B7EB6F4A26CBD45000104EDF /* XCRemoteSwiftPackageReference "RxSwift" */,
				B7C0855D26EA01A80001C807 /* XCRemoteSwiftPackageReference "Alamofire" */,
			);
			productRefGroup = B7A95B4926C140B7009B1BA8 /* Products */;
			projectDirPath = "";
			projectRoot = "";
			targets = (
				B7A95B4726C140B7009B1BA8 /* ITechArtPracticeFlightRadar */,
			);
		};
/* End PBXProject section */

/* Begin PBXResourcesBuildPhase section */
		B7A95B4626C140B7009B1BA8 /* Resources */ = {
			isa = PBXResourcesBuildPhase;
			buildActionMask = 2147483647;
			files = (
				B77827F726DFA84F0058ADD5 /* ForgotPasswordViewController.xib in Resources */,
				B72FF44C26EB6EA800BC6EE1 /* MyJSON9.json in Resources */,
				B72FF45226EB6F2100BC6EE1 /* MyJSON12.json in Resources */,
				B7A95B5826C140B8009B1BA8 /* LaunchScreen.storyboard in Resources */,
				B72FF45426EB6F2E00BC6EE1 /* MyJSON13.json in Resources */,
				B7A95B6626C14756009B1BA8 /* GoogleService-Info.plist in Resources */,
				B7C0856C26EA5A2C0001C807 /* MyJSON.json in Resources */,
				B7A9A6E926D91295005F559A /* authenticationScreenBackgroundAircraft.json in Resources */,
				B79DE46426E0C62E0019F860 /* SignUpViewController.xib in Resources */,
				B7A95C0326EBA4EB00687210 /* SettingsViewController.xib in Resources */,
				B72FF44A26EB6E9900BC6EE1 /* MyJSON8.json in Resources */,
				B72FF43E26EB511C00BC6EE1 /* MyJSON2.json in Resources */,
				B75D0EBA26C2B2A60075E4CA /* AuthenticationViewController.xib in Resources */,
				B7E5F2C626DD044B004010BF /* ProcessingStateView.xib in Resources */,
				B7A9A6EB26D9137A005F559A /* spinner.json in Resources */,
				B72FF44826EB58DA00BC6EE1 /* MyJSON7.json in Resources */,
				B72FF44626EB58CD00BC6EE1 /* MyJSON6.json in Resources */,
				B72FF44026EB585A00BC6EE1 /* MyJSON3.json in Resources */,
				B77D40FE26E6595700BA945E /* RadarDashboardViewController.xib in Resources */,
				B72FF45626EB6F3900BC6EE1 /* MyJSON14.json in Resources */,
				B72FF44426EB588700BC6EE1 /* MyJSON5.json in Resources */,
				B72FF44226EB587300BC6EE1 /* MyJSON4.json in Resources */,
				B72FF45026EB6F0D00BC6EE1 /* MyJSON11.json in Resources */,
				B72FF44E26EB6EFE00BC6EE1 /* MyJSON10.json in Resources */,
				B7A95B5526C140B8009B1BA8 /* Assets.xcassets in Resources */,
			);
			runOnlyForDeploymentPostprocessing = 0;
		};
/* End PBXResourcesBuildPhase section */

/* Begin PBXSourcesBuildPhase section */
		B7A95B4426C140B7009B1BA8 /* Sources */ = {
			isa = PBXSourcesBuildPhase;
			buildActionMask = 2147483647;
			files = (
				B79039EC26E8ED6C000908AD /* FlightInfo.swift in Sources */,
				B77827F326DF9BEA0058ADD5 /* ObservableTypeExtensions.swift in Sources */,
				B79DE46626E0C6450019F860 /* SignUpViewModel.swift in Sources */,
				B766E34C26D62F5900798B6C /* StringExtensions.swift in Sources */,
				B79039E826E8C1BD000908AD /* RxMapViewDelegateProxy.swift in Sources */,
				B7C0856426EA05D40001C807 /* Service.swift in Sources */,
				B76A198126E7589F00B75EDE /* RadarDashboardCoordinator.swift in Sources */,
				B784068226C40FCE00F5AF03 /* AuthenticationViewModel.swift in Sources */,
				B76A198726E78FA500B75EDE /* CoordinateRectangle.swift in Sources */,
				B7E5F2B626DCB732004010BF /* State.swift in Sources */,
				B76A198526E75DB000B75EDE /* CoordinatorExtensions.swift in Sources */,
				B77827FB26DFA88D0058ADD5 /* ForgotPasswordCoordinator.swift in Sources */,
				B75D0EB926C2B2A60075E4CA /* AuthenticationViewController.swift in Sources */,
				B77D40FD26E6595700BA945E /* RadarDashboardViewController.swift in Sources */,
				B76A198326E758B800B75EDE /* RadarDashboardViewModel.swift in Sources */,
				B79DE46826E0C6590019F860 /* SignUpCoordinator.swift in Sources */,
				B7A95C0526EBA4FC00687210 /* SettingsViewModel.swift in Sources */,
				B7A95B4C26C140B7009B1BA8 /* AppDelegate.swift in Sources */,
				B7C0856226EA02750001C807 /* NetworkManager.swift in Sources */,
				B7E5F2C426DD042C004010BF /* ProcessingView.swift in Sources */,
				B7A95B4E26C140B7009B1BA8 /* SceneDelegate.swift in Sources */,
				B79DE46326E0C62E0019F860 /* SignUpViewController.swift in Sources */,
				B784067E26C3E27300F5AF03 /* AuthenticationCoordinator.swift in Sources */,
				B79039EA26E8C27F000908AD /* MKMapView+Rx.swift in Sources */,
				B7A95C0226EBA4EB00687210 /* SettingsViewController.swift in Sources */,
				B7A95C0726EBA54500687210 /* SettingsCoordinator.swift in Sources */,
				B77827F926DFA8780058ADD5 /* ForgotPasswordViewModel.swift in Sources */,
				B77827F626DFA84F0058ADD5 /* ForgotPasswordViewController.swift in Sources */,
				B766E34F26D62FE500798B6C /* ReactiveExtensions.swift in Sources */,
				B784067926C3CCCE00F5AF03 /* AppCoordinator.swift in Sources */,
			);
			runOnlyForDeploymentPostprocessing = 0;
		};
/* End PBXSourcesBuildPhase section */

/* Begin PBXVariantGroup section */
		B7A95B5626C140B8009B1BA8 /* LaunchScreen.storyboard */ = {
			isa = PBXVariantGroup;
			children = (
				B7A95B5726C140B8009B1BA8 /* Base */,
			);
			name = LaunchScreen.storyboard;
			sourceTree = "<group>";
		};
/* End PBXVariantGroup section */

/* Begin XCBuildConfiguration section */
		B7A95B5A26C140B8009B1BA8 /* Debug */ = {
			isa = XCBuildConfiguration;
			buildSettings = {
				ALWAYS_SEARCH_USER_PATHS = NO;
				CLANG_ANALYZER_NONNULL = YES;
				CLANG_ANALYZER_NUMBER_OBJECT_CONVERSION = YES_AGGRESSIVE;
				CLANG_CXX_LANGUAGE_STANDARD = "gnu++14";
				CLANG_CXX_LIBRARY = "libc++";
				CLANG_ENABLE_MODULES = YES;
				CLANG_ENABLE_OBJC_ARC = YES;
				CLANG_ENABLE_OBJC_WEAK = YES;
				CLANG_WARN_BLOCK_CAPTURE_AUTORELEASING = YES;
				CLANG_WARN_BOOL_CONVERSION = YES;
				CLANG_WARN_COMMA = YES;
				CLANG_WARN_CONSTANT_CONVERSION = YES;
				CLANG_WARN_DEPRECATED_OBJC_IMPLEMENTATIONS = YES;
				CLANG_WARN_DIRECT_OBJC_ISA_USAGE = YES_ERROR;
				CLANG_WARN_DOCUMENTATION_COMMENTS = YES;
				CLANG_WARN_EMPTY_BODY = YES;
				CLANG_WARN_ENUM_CONVERSION = YES;
				CLANG_WARN_INFINITE_RECURSION = YES;
				CLANG_WARN_INT_CONVERSION = YES;
				CLANG_WARN_NON_LITERAL_NULL_CONVERSION = YES;
				CLANG_WARN_OBJC_IMPLICIT_RETAIN_SELF = YES;
				CLANG_WARN_OBJC_LITERAL_CONVERSION = YES;
				CLANG_WARN_OBJC_ROOT_CLASS = YES_ERROR;
				CLANG_WARN_QUOTED_INCLUDE_IN_FRAMEWORK_HEADER = YES;
				CLANG_WARN_RANGE_LOOP_ANALYSIS = YES;
				CLANG_WARN_STRICT_PROTOTYPES = YES;
				CLANG_WARN_SUSPICIOUS_MOVE = YES;
				CLANG_WARN_UNGUARDED_AVAILABILITY = YES_AGGRESSIVE;
				CLANG_WARN_UNREACHABLE_CODE = YES;
				CLANG_WARN__DUPLICATE_METHOD_MATCH = YES;
				COPY_PHASE_STRIP = NO;
				DEBUG_INFORMATION_FORMAT = dwarf;
				ENABLE_STRICT_OBJC_MSGSEND = YES;
				ENABLE_TESTABILITY = YES;
				GCC_C_LANGUAGE_STANDARD = gnu11;
				GCC_DYNAMIC_NO_PIC = NO;
				GCC_NO_COMMON_BLOCKS = YES;
				GCC_OPTIMIZATION_LEVEL = 0;
				GCC_PREPROCESSOR_DEFINITIONS = (
					"DEBUG=1",
					"$(inherited)",
				);
				GCC_WARN_64_TO_32_BIT_CONVERSION = YES;
				GCC_WARN_ABOUT_RETURN_TYPE = YES_ERROR;
				GCC_WARN_UNDECLARED_SELECTOR = YES;
				GCC_WARN_UNINITIALIZED_AUTOS = YES_AGGRESSIVE;
				GCC_WARN_UNUSED_FUNCTION = YES;
				GCC_WARN_UNUSED_VARIABLE = YES;
				IPHONEOS_DEPLOYMENT_TARGET = 14.5;
				MTL_ENABLE_DEBUG_INFO = INCLUDE_SOURCE;
				MTL_FAST_MATH = YES;
				ONLY_ACTIVE_ARCH = YES;
				SDKROOT = iphoneos;
				SWIFT_ACTIVE_COMPILATION_CONDITIONS = DEBUG;
				SWIFT_OPTIMIZATION_LEVEL = "-Onone";
			};
			name = Debug;
		};
		B7A95B5B26C140B8009B1BA8 /* Release */ = {
			isa = XCBuildConfiguration;
			buildSettings = {
				ALWAYS_SEARCH_USER_PATHS = NO;
				CLANG_ANALYZER_NONNULL = YES;
				CLANG_ANALYZER_NUMBER_OBJECT_CONVERSION = YES_AGGRESSIVE;
				CLANG_CXX_LANGUAGE_STANDARD = "gnu++14";
				CLANG_CXX_LIBRARY = "libc++";
				CLANG_ENABLE_MODULES = YES;
				CLANG_ENABLE_OBJC_ARC = YES;
				CLANG_ENABLE_OBJC_WEAK = YES;
				CLANG_WARN_BLOCK_CAPTURE_AUTORELEASING = YES;
				CLANG_WARN_BOOL_CONVERSION = YES;
				CLANG_WARN_COMMA = YES;
				CLANG_WARN_CONSTANT_CONVERSION = YES;
				CLANG_WARN_DEPRECATED_OBJC_IMPLEMENTATIONS = YES;
				CLANG_WARN_DIRECT_OBJC_ISA_USAGE = YES_ERROR;
				CLANG_WARN_DOCUMENTATION_COMMENTS = YES;
				CLANG_WARN_EMPTY_BODY = YES;
				CLANG_WARN_ENUM_CONVERSION = YES;
				CLANG_WARN_INFINITE_RECURSION = YES;
				CLANG_WARN_INT_CONVERSION = YES;
				CLANG_WARN_NON_LITERAL_NULL_CONVERSION = YES;
				CLANG_WARN_OBJC_IMPLICIT_RETAIN_SELF = YES;
				CLANG_WARN_OBJC_LITERAL_CONVERSION = YES;
				CLANG_WARN_OBJC_ROOT_CLASS = YES_ERROR;
				CLANG_WARN_QUOTED_INCLUDE_IN_FRAMEWORK_HEADER = YES;
				CLANG_WARN_RANGE_LOOP_ANALYSIS = YES;
				CLANG_WARN_STRICT_PROTOTYPES = YES;
				CLANG_WARN_SUSPICIOUS_MOVE = YES;
				CLANG_WARN_UNGUARDED_AVAILABILITY = YES_AGGRESSIVE;
				CLANG_WARN_UNREACHABLE_CODE = YES;
				CLANG_WARN__DUPLICATE_METHOD_MATCH = YES;
				COPY_PHASE_STRIP = NO;
				DEBUG_INFORMATION_FORMAT = "dwarf-with-dsym";
				ENABLE_NS_ASSERTIONS = NO;
				ENABLE_STRICT_OBJC_MSGSEND = YES;
				GCC_C_LANGUAGE_STANDARD = gnu11;
				GCC_NO_COMMON_BLOCKS = YES;
				GCC_WARN_64_TO_32_BIT_CONVERSION = YES;
				GCC_WARN_ABOUT_RETURN_TYPE = YES_ERROR;
				GCC_WARN_UNDECLARED_SELECTOR = YES;
				GCC_WARN_UNINITIALIZED_AUTOS = YES_AGGRESSIVE;
				GCC_WARN_UNUSED_FUNCTION = YES;
				GCC_WARN_UNUSED_VARIABLE = YES;
				IPHONEOS_DEPLOYMENT_TARGET = 14.5;
				MTL_ENABLE_DEBUG_INFO = NO;
				MTL_FAST_MATH = YES;
				SDKROOT = iphoneos;
				SWIFT_COMPILATION_MODE = wholemodule;
				SWIFT_OPTIMIZATION_LEVEL = "-O";
				VALIDATE_PRODUCT = YES;
			};
			name = Release;
		};
		B7A95B5D26C140B8009B1BA8 /* Debug */ = {
			isa = XCBuildConfiguration;
			buildSettings = {
				ASSETCATALOG_COMPILER_APPICON_NAME = AppIcon;
				ASSETCATALOG_COMPILER_GLOBAL_ACCENT_COLOR_NAME = AccentColor;
				CODE_SIGN_STYLE = Automatic;
				INFOPLIST_FILE = "$(SRCROOT)/ITechArtPracticeFlightRadar/SupportingFiles/Info.plist";
				IPHONEOS_DEPLOYMENT_TARGET = 13.0;
				LD_RUNPATH_SEARCH_PATHS = (
					"$(inherited)",
					"@executable_path/Frameworks",
				);
				PRODUCT_BUNDLE_IDENTIFIER = com.yaroslav.k.ITechArtPracticeFlightRadar;
				PRODUCT_NAME = "$(TARGET_NAME)";
				SWIFT_VERSION = 5.0;
				TARGETED_DEVICE_FAMILY = "1,2";
			};
			name = Debug;
		};
		B7A95B5E26C140B8009B1BA8 /* Release */ = {
			isa = XCBuildConfiguration;
			buildSettings = {
				ASSETCATALOG_COMPILER_APPICON_NAME = AppIcon;
				ASSETCATALOG_COMPILER_GLOBAL_ACCENT_COLOR_NAME = AccentColor;
				CODE_SIGN_STYLE = Automatic;
				INFOPLIST_FILE = "$(SRCROOT)/ITechArtPracticeFlightRadar/SupportingFiles/Info.plist";
				IPHONEOS_DEPLOYMENT_TARGET = 13.0;
				LD_RUNPATH_SEARCH_PATHS = (
					"$(inherited)",
					"@executable_path/Frameworks",
				);
				PRODUCT_BUNDLE_IDENTIFIER = com.yaroslav.k.ITechArtPracticeFlightRadar;
				PRODUCT_NAME = "$(TARGET_NAME)";
				SWIFT_VERSION = 5.0;
				TARGETED_DEVICE_FAMILY = "1,2";
			};
			name = Release;
		};
/* End XCBuildConfiguration section */

/* Begin XCConfigurationList section */
		B7A95B4326C140B7009B1BA8 /* Build configuration list for PBXProject "ITechArtPracticeFlightRadar" */ = {
			isa = XCConfigurationList;
			buildConfigurations = (
				B7A95B5A26C140B8009B1BA8 /* Debug */,
				B7A95B5B26C140B8009B1BA8 /* Release */,
			);
			defaultConfigurationIsVisible = 0;
			defaultConfigurationName = Release;
		};
		B7A95B5C26C140B8009B1BA8 /* Build configuration list for PBXNativeTarget "ITechArtPracticeFlightRadar" */ = {
			isa = XCConfigurationList;
			buildConfigurations = (
				B7A95B5D26C140B8009B1BA8 /* Debug */,
				B7A95B5E26C140B8009B1BA8 /* Release */,
			);
			defaultConfigurationIsVisible = 0;
			defaultConfigurationName = Release;
		};
/* End XCConfigurationList section */

/* Begin XCRemoteSwiftPackageReference section */
		B7A4AF3D26C54619004B98FC /* XCRemoteSwiftPackageReference "GoogleSignIn-iOS" */ = {
			isa = XCRemoteSwiftPackageReference;
			repositoryURL = "https://github.com/google/GoogleSignIn-iOS.git";
			requirement = {
				kind = upToNextMajorVersion;
				minimumVersion = 6.0.1;
			};
		};
		B7A95B6726C147E2009B1BA8 /* XCRemoteSwiftPackageReference "firebase-ios-sdk" */ = {
			isa = XCRemoteSwiftPackageReference;
			repositoryURL = "https://github.com/firebase/firebase-ios-sdk.git";
			requirement = {
				kind = upToNextMajorVersion;
				minimumVersion = 8.5.0;
			};
		};
		B7AFC5BD26CA5781004EE523 /* XCRemoteSwiftPackageReference "Toast-Swift" */ = {
			isa = XCRemoteSwiftPackageReference;
			repositoryURL = "https://github.com/scalessec/Toast-Swift.git";
			requirement = {
				kind = upToNextMajorVersion;
				minimumVersion = 5.0.1;
			};
		};
		B7C0855D26EA01A80001C807 /* XCRemoteSwiftPackageReference "Alamofire" */ = {
			isa = XCRemoteSwiftPackageReference;
			repositoryURL = "https://github.com/Alamofire/Alamofire.git";
			requirement = {
				kind = upToNextMajorVersion;
				minimumVersion = 5.4.3;
			};
		};
		B7D753F926C15ABC0048F67E /* XCRemoteSwiftPackageReference "lottie-ios" */ = {
			isa = XCRemoteSwiftPackageReference;
			repositoryURL = "https://github.com/airbnb/lottie-ios.git";
			requirement = {
				kind = upToNextMajorVersion;
				minimumVersion = 3.2.3;
			};
		};
		B7EB6F4A26CBD45000104EDF /* XCRemoteSwiftPackageReference "RxSwift" */ = {
			isa = XCRemoteSwiftPackageReference;
			repositoryURL = "https://github.com/ReactiveX/RxSwift.git";
			requirement = {
				kind = upToNextMajorVersion;
				minimumVersion = 6.2.0;
			};
		};
/* End XCRemoteSwiftPackageReference section */

/* Begin XCSwiftPackageProductDependency section */
		B784068626C41BB400F5AF03 /* FirebaseAnalytics */ = {
			isa = XCSwiftPackageProductDependency;
			package = B7A95B6726C147E2009B1BA8 /* XCRemoteSwiftPackageReference "firebase-ios-sdk" */;
			productName = FirebaseAnalytics;
		};
		B7A4AF3E26C54619004B98FC /* GoogleSignIn */ = {
			isa = XCSwiftPackageProductDependency;
			package = B7A4AF3D26C54619004B98FC /* XCRemoteSwiftPackageReference "GoogleSignIn-iOS" */;
			productName = GoogleSignIn;
		};
		B7A95B6826C147E2009B1BA8 /* FirebaseAuth */ = {
			isa = XCSwiftPackageProductDependency;
			package = B7A95B6726C147E2009B1BA8 /* XCRemoteSwiftPackageReference "firebase-ios-sdk" */;
			productName = FirebaseAuth;
		};
		B7AFC5BE26CA5781004EE523 /* Toast */ = {
			isa = XCSwiftPackageProductDependency;
			package = B7AFC5BD26CA5781004EE523 /* XCRemoteSwiftPackageReference "Toast-Swift" */;
			productName = Toast;
		};
		B7C0855E26EA01A80001C807 /* Alamofire */ = {
			isa = XCSwiftPackageProductDependency;
			package = B7C0855D26EA01A80001C807 /* XCRemoteSwiftPackageReference "Alamofire" */;
			productName = Alamofire;
		};
		B7D753FA26C15ABC0048F67E /* Lottie */ = {
			isa = XCSwiftPackageProductDependency;
			package = B7D753F926C15ABC0048F67E /* XCRemoteSwiftPackageReference "lottie-ios" */;
			productName = Lottie;
		};
		B7EB6F4B26CBD45000104EDF /* RxRelay */ = {
			isa = XCSwiftPackageProductDependency;
			package = B7EB6F4A26CBD45000104EDF /* XCRemoteSwiftPackageReference "RxSwift" */;
			productName = RxRelay;
		};
		B7EB6F4D26CBD45000104EDF /* RxSwift */ = {
			isa = XCSwiftPackageProductDependency;
			package = B7EB6F4A26CBD45000104EDF /* XCRemoteSwiftPackageReference "RxSwift" */;
			productName = RxSwift;
		};
		B7EB6F4F26CBD45000104EDF /* RxCocoa */ = {
			isa = XCSwiftPackageProductDependency;
			package = B7EB6F4A26CBD45000104EDF /* XCRemoteSwiftPackageReference "RxSwift" */;
			productName = RxCocoa;
		};
/* End XCSwiftPackageProductDependency section */
	};
	rootObject = B7A95B4026C140B7009B1BA8 /* Project object */;
}
